
Microsoft Visual Studio Solution File, Format Version 12.00
# Visual Studio Version 17
VisualStudioVersion = 17.0.31903.59
MinimumVisualStudioVersion = 10.0.40219.1
Project("{FAE04EC0-301F-11D3-BF4B-00C04F79EFBC}") = "MtgBans.Api", "src\MtgBans.Api\MtgBans.Api.csproj", "{9F027543-8F87-4578-B06D-34D3C7421F42}"
EndProject
Project("{FAE04EC0-301F-11D3-BF4B-00C04F79EFBC}") = "MtgBans.Data", "src\MtgBans.Data\MtgBans.Data.csproj", "{3D6DFB92-A776-43C9-B4CB-511B4BCD963D}"
EndProject
Project("{FAE04EC0-301F-11D3-BF4B-00C04F79EFBC}") = "MtgBans.Services", "src\MtgBans.Services\MtgBans.Services.csproj", "{1DC31D4D-E0B3-419B-80F7-FD949116395B}"
EndProject
Project("{FAE04EC0-301F-11D3-BF4B-00C04F79EFBC}") = "MtgBans.Models", "src\MtgBans.Models\MtgBans.Models.csproj", "{7FD626FE-827C-4EB0-9E7A-9E323127F7A3}"
EndProject
Project("{FAE04EC0-301F-11D3-BF4B-00C04F79EFBC}") = "MtgBans.Scryfall", "src\MtgBans.Scryfall\MtgBans.Scryfall.csproj", "{204D74E3-AF57-4D19-A866-41532FB073F3}"
EndProject
Global
	GlobalSection(SolutionConfigurationPlatforms) = preSolution
		Debug|Any CPU = Debug|Any CPU
		Release|Any CPU = Release|Any CPU
	EndGlobalSection
	GlobalSection(SolutionProperties) = preSolution
		HideSolutionNode = FALSE
	EndGlobalSection
	GlobalSection(ProjectConfigurationPlatforms) = postSolution
		{9F027543-8F87-4578-B06D-34D3C7421F42}.Debug|Any CPU.ActiveCfg = Debug|Any CPU
		{9F027543-8F87-4578-B06D-34D3C7421F42}.Debug|Any CPU.Build.0 = Debug|Any CPU
		{9F027543-8F87-4578-B06D-34D3C7421F42}.Release|Any CPU.ActiveCfg = Release|Any CPU
		{9F027543-8F87-4578-B06D-34D3C7421F42}.Release|Any CPU.Build.0 = Release|Any CPU
		{3D6DFB92-A776-43C9-B4CB-511B4BCD963D}.Debug|Any CPU.ActiveCfg = Debug|Any CPU
		{3D6DFB92-A776-43C9-B4CB-511B4BCD963D}.Debug|Any CPU.Build.0 = Debug|Any CPU
		{3D6DFB92-A776-43C9-B4CB-511B4BCD963D}.Release|Any CPU.ActiveCfg = Release|Any CPU
		{3D6DFB92-A776-43C9-B4CB-511B4BCD963D}.Release|Any CPU.Build.0 = Release|Any CPU
		{1DC31D4D-E0B3-419B-80F7-FD949116395B}.Debug|Any CPU.ActiveCfg = Debug|Any CPU
		{1DC31D4D-E0B3-419B-80F7-FD949116395B}.Debug|Any CPU.Build.0 = Debug|Any CPU
		{1DC31D4D-E0B3-419B-80F7-FD949116395B}.Release|Any CPU.ActiveCfg = Release|Any CPU
		{1DC31D4D-E0B3-419B-80F7-FD949116395B}.Release|Any CPU.Build.0 = Release|Any CPU
		{7FD626FE-827C-4EB0-9E7A-9E323127F7A3}.Debug|Any CPU.ActiveCfg = Debug|Any CPU
		{7FD626FE-827C-4EB0-9E7A-9E323127F7A3}.Debug|Any CPU.Build.0 = Debug|Any CPU
		{7FD626FE-827C-4EB0-9E7A-9E323127F7A3}.Release|Any CPU.ActiveCfg = Release|Any CPU
		{7FD626FE-827C-4EB0-9E7A-9E323127F7A3}.Release|Any CPU.Build.0 = Release|Any CPU
		{204D74E3-AF57-4D19-A866-41532FB073F3}.Debug|Any CPU.ActiveCfg = Debug|Any CPU
		{204D74E3-AF57-4D19-A866-41532FB073F3}.Debug|Any CPU.Build.0 = Debug|Any CPU
		{204D74E3-AF57-4D19-A866-41532FB073F3}.Release|Any CPU.ActiveCfg = Release|Any CPU
		{204D74E3-AF57-4D19-A866-41532FB073F3}.Release|Any CPU.Build.0 = Release|Any CPU
	EndGlobalSection
EndGlobal
